
Microsoft Visual Studio Solution File, Format Version 12.00
# Visual Studio Version 17
VisualStudioVersion = 17.0.31903.59
MinimumVisualStudioVersion = 10.0.40219.1
Project("{2150E333-8FDC-42A3-9474-1A3956D46DE8}") = "src", "src", "{827E0CD3-B72D-47B6-A68D-7590B98EB39B}"
EndProject
Project("{FAE04EC0-301F-11D3-BF4B-00C04F79EFBC}") = "Docify.Core", "src\Docify.Core\Docify.Core.csproj", "{03091193-0FCD-4C79-90B7-67F6DDB3344C}"
EndProject
Project("{FAE04EC0-301F-11D3-BF4B-00C04F79EFBC}") = "Docify.CLI", "src\Docify.CLI\Docify.CLI.csproj", "{72207C7D-9DE9-466E-91BF-A1CCF476EAC9}"
EndProject
Project("{2150E333-8FDC-42A3-9474-1A3956D46DE8}") = "tests", "tests", "{0AB3BF05-4346-4AA6-1389-037BE0695223}"
EndProject
Project("{FAE04EC0-301F-11D3-BF4B-00C04F79EFBC}") = "Docify.Core.Tests", "tests\Docify.Core.Tests\Docify.Core.Tests.csproj", "{CACF6121-1236-458F-91CB-21E56F444B91}"
EndProject
Project("{FAE04EC0-301F-11D3-BF4B-00C04F79EFBC}") = "Docify.Integration.Tests", "tests\Docify.Integration.Tests\Docify.Integration.Tests.csproj", "{748106C7-3423-4933-B174-E7DC80161DA7}"
EndProject
Project("{FAE04EC0-301F-11D3-BF4B-00C04F79EFBC}") = "Docify.Performance.Tests", "tests\Docify.Performance.Tests\Docify.Performance.Tests.csproj", "{BDBF2B52-E6D5-46A6-8875-E7DE9341D80B}"
EndProject
Project("{FAE04EC0-301F-11D3-BF4B-00C04F79EFBC}") = "Docify.CLI.Tests", "tests\Docify.CLI.Tests\Docify.CLI.Tests.csproj", "{F247866A-732D-4A85-B082-9C6D2E23F0EF}"
EndProject
Project("{FAE04EC0-301F-11D3-BF4B-00C04F79EFBC}") = "Docify.LLM", "src\Docify.LLM\Docify.LLM.csproj", "{18D8B452-E118-4ABB-AC61-604717FA1EF4}"
EndProject
Project("{FAE04EC0-301F-11D3-BF4B-00C04F79EFBC}") = "Docify.LLM.Tests", "tests\Docify.LLM.Tests\Docify.LLM.Tests.csproj", "{FEBE381C-7835-40BC-8771-5CC2511D2931}"
EndProject
Project("{FAE04EC0-301F-11D3-BF4B-00C04F79EFBC}") = "Docify.Writer", "src\Docify.Writer\Docify.Writer.csproj", "{B172E191-E590-4573-BBC0-DE2AB953A4E9}"
EndProject
Project("{FAE04EC0-301F-11D3-BF4B-00C04F79EFBC}") = "Docify.Writer.Tests", "tests\Docify.Writer.Tests\Docify.Writer.Tests.csproj", "{4687C6A0-D02C-41D4-A3C9-910EF4AB99C8}"
EndProject
Project("{2150E333-8FDC-42A3-9474-1A3956D46DE8}") = "Solution Items", "Solution Items", "{E6C6F5C2-FA4A-44D6-B1EE-CE91298D8B6E}"
	ProjectSection(SolutionItems) = preProject
		README.md = README.md
	EndProjectSection
EndProject
Global
	GlobalSection(SolutionConfigurationPlatforms) = preSolution
		Debug|Any CPU = Debug|Any CPU
		Debug|x64 = Debug|x64
		Debug|x86 = Debug|x86
		Release|Any CPU = Release|Any CPU
		Release|x64 = Release|x64
		Release|x86 = Release|x86
	EndGlobalSection
	GlobalSection(ProjectConfigurationPlatforms) = postSolution
		{03091193-0FCD-4C79-90B7-67F6DDB3344C}.Debug|Any CPU.ActiveCfg = Debug|Any CPU
		{03091193-0FCD-4C79-90B7-67F6DDB3344C}.Debug|Any CPU.Build.0 = Debug|Any CPU
		{03091193-0FCD-4C79-90B7-67F6DDB3344C}.Debug|x64.ActiveCfg = Debug|Any CPU
		{03091193-0FCD-4C79-90B7-67F6DDB3344C}.Debug|x64.Build.0 = Debug|Any CPU
		{03091193-0FCD-4C79-90B7-67F6DDB3344C}.Debug|x86.ActiveCfg = Debug|Any CPU
		{03091193-0FCD-4C79-90B7-67F6DDB3344C}.Debug|x86.Build.0 = Debug|Any CPU
		{03091193-0FCD-4C79-90B7-67F6DDB3344C}.Release|Any CPU.ActiveCfg = Release|Any CPU
		{03091193-0FCD-4C79-90B7-67F6DDB3344C}.Release|Any CPU.Build.0 = Release|Any CPU
		{03091193-0FCD-4C79-90B7-67F6DDB3344C}.Release|x64.ActiveCfg = Release|Any CPU
		{03091193-0FCD-4C79-90B7-67F6DDB3344C}.Release|x64.Build.0 = Release|Any CPU
		{03091193-0FCD-4C79-90B7-67F6DDB3344C}.Release|x86.ActiveCfg = Release|Any CPU
		{03091193-0FCD-4C79-90B7-67F6DDB3344C}.Release|x86.Build.0 = Release|Any CPU
		{72207C7D-9DE9-466E-91BF-A1CCF476EAC9}.Debug|Any CPU.ActiveCfg = Debug|Any CPU
		{72207C7D-9DE9-466E-91BF-A1CCF476EAC9}.Debug|Any CPU.Build.0 = Debug|Any CPU
		{72207C7D-9DE9-466E-91BF-A1CCF476EAC9}.Debug|x64.ActiveCfg = Debug|Any CPU
		{72207C7D-9DE9-466E-91BF-A1CCF476EAC9}.Debug|x64.Build.0 = Debug|Any CPU
		{72207C7D-9DE9-466E-91BF-A1CCF476EAC9}.Debug|x86.ActiveCfg = Debug|Any CPU
		{72207C7D-9DE9-466E-91BF-A1CCF476EAC9}.Debug|x86.Build.0 = Debug|Any CPU
		{72207C7D-9DE9-466E-91BF-A1CCF476EAC9}.Release|Any CPU.ActiveCfg = Release|Any CPU
		{72207C7D-9DE9-466E-91BF-A1CCF476EAC9}.Release|Any CPU.Build.0 = Release|Any CPU
		{72207C7D-9DE9-466E-91BF-A1CCF476EAC9}.Release|x64.ActiveCfg = Release|Any CPU
		{72207C7D-9DE9-466E-91BF-A1CCF476EAC9}.Release|x64.Build.0 = Release|Any CPU
		{72207C7D-9DE9-466E-91BF-A1CCF476EAC9}.Release|x86.ActiveCfg = Release|Any CPU
		{72207C7D-9DE9-466E-91BF-A1CCF476EAC9}.Release|x86.Build.0 = Release|Any CPU
		{CACF6121-1236-458F-91CB-21E56F444B91}.Debug|Any CPU.ActiveCfg = Debug|Any CPU
		{CACF6121-1236-458F-91CB-21E56F444B91}.Debug|Any CPU.Build.0 = Debug|Any CPU
		{CACF6121-1236-458F-91CB-21E56F444B91}.Debug|x64.ActiveCfg = Debug|Any CPU
		{CACF6121-1236-458F-91CB-21E56F444B91}.Debug|x64.Build.0 = Debug|Any CPU
		{CACF6121-1236-458F-91CB-21E56F444B91}.Debug|x86.ActiveCfg = Debug|Any CPU
		{CACF6121-1236-458F-91CB-21E56F444B91}.Debug|x86.Build.0 = Debug|Any CPU
		{CACF6121-1236-458F-91CB-21E56F444B91}.Release|Any CPU.ActiveCfg = Release|Any CPU
		{CACF6121-1236-458F-91CB-21E56F444B91}.Release|Any CPU.Build.0 = Release|Any CPU
		{CACF6121-1236-458F-91CB-21E56F444B91}.Release|x64.ActiveCfg = Release|Any CPU
		{CACF6121-1236-458F-91CB-21E56F444B91}.Release|x64.Build.0 = Release|Any CPU
		{CACF6121-1236-458F-91CB-21E56F444B91}.Release|x86.ActiveCfg = Release|Any CPU
		{CACF6121-1236-458F-91CB-21E56F444B91}.Release|x86.Build.0 = Release|Any CPU
		{748106C7-3423-4933-B174-E7DC80161DA7}.Debug|Any CPU.ActiveCfg = Debug|Any CPU
		{748106C7-3423-4933-B174-E7DC80161DA7}.Debug|Any CPU.Build.0 = Debug|Any CPU
		{748106C7-3423-4933-B174-E7DC80161DA7}.Debug|x64.ActiveCfg = Debug|Any CPU
		{748106C7-3423-4933-B174-E7DC80161DA7}.Debug|x64.Build.0 = Debug|Any CPU
		{748106C7-3423-4933-B174-E7DC80161DA7}.Debug|x86.ActiveCfg = Debug|Any CPU
		{748106C7-3423-4933-B174-E7DC80161DA7}.Debug|x86.Build.0 = Debug|Any CPU
		{748106C7-3423-4933-B174-E7DC80161DA7}.Release|Any CPU.ActiveCfg = Release|Any CPU
		{748106C7-3423-4933-B174-E7DC80161DA7}.Release|Any CPU.Build.0 = Release|Any CPU
		{748106C7-3423-4933-B174-E7DC80161DA7}.Release|x64.ActiveCfg = Release|Any CPU
		{748106C7-3423-4933-B174-E7DC80161DA7}.Release|x64.Build.0 = Release|Any CPU
		{748106C7-3423-4933-B174-E7DC80161DA7}.Release|x86.ActiveCfg = Release|Any CPU
		{748106C7-3423-4933-B174-E7DC80161DA7}.Release|x86.Build.0 = Release|Any CPU
		{BDBF2B52-E6D5-46A6-8875-E7DE9341D80B}.Debug|Any CPU.ActiveCfg = Debug|Any CPU
		{BDBF2B52-E6D5-46A6-8875-E7DE9341D80B}.Debug|Any CPU.Build.0 = Debug|Any CPU
		{BDBF2B52-E6D5-46A6-8875-E7DE9341D80B}.Debug|x64.ActiveCfg = Debug|Any CPU
		{BDBF2B52-E6D5-46A6-8875-E7DE9341D80B}.Debug|x64.Build.0 = Debug|Any CPU
		{BDBF2B52-E6D5-46A6-8875-E7DE9341D80B}.Debug|x86.ActiveCfg = Debug|Any CPU
		{BDBF2B52-E6D5-46A6-8875-E7DE9341D80B}.Debug|x86.Build.0 = Debug|Any CPU
		{BDBF2B52-E6D5-46A6-8875-E7DE9341D80B}.Release|Any CPU.ActiveCfg = Release|Any CPU
		{BDBF2B52-E6D5-46A6-8875-E7DE9341D80B}.Release|Any CPU.Build.0 = Release|Any CPU
		{BDBF2B52-E6D5-46A6-8875-E7DE9341D80B}.Release|x64.ActiveCfg = Release|Any CPU
		{BDBF2B52-E6D5-46A6-8875-E7DE9341D80B}.Release|x64.Build.0 = Release|Any CPU
		{BDBF2B52-E6D5-46A6-8875-E7DE9341D80B}.Release|x86.ActiveCfg = Release|Any CPU
		{BDBF2B52-E6D5-46A6-8875-E7DE9341D80B}.Release|x86.Build.0 = Release|Any CPU
		{F247866A-732D-4A85-B082-9C6D2E23F0EF}.Debug|Any CPU.ActiveCfg = Debug|Any CPU
		{F247866A-732D-4A85-B082-9C6D2E23F0EF}.Debug|Any CPU.Build.0 = Debug|Any CPU
		{F247866A-732D-4A85-B082-9C6D2E23F0EF}.Debug|x64.ActiveCfg = Debug|Any CPU
		{F247866A-732D-4A85-B082-9C6D2E23F0EF}.Debug|x64.Build.0 = Debug|Any CPU
		{F247866A-732D-4A85-B082-9C6D2E23F0EF}.Debug|x86.ActiveCfg = Debug|Any CPU
		{F247866A-732D-4A85-B082-9C6D2E23F0EF}.Debug|x86.Build.0 = Debug|Any CPU
		{F247866A-732D-4A85-B082-9C6D2E23F0EF}.Release|Any CPU.ActiveCfg = Release|Any CPU
		{F247866A-732D-4A85-B082-9C6D2E23F0EF}.Release|Any CPU.Build.0 = Release|Any CPU
		{F247866A-732D-4A85-B082-9C6D2E23F0EF}.Release|x64.ActiveCfg = Release|Any CPU
		{F247866A-732D-4A85-B082-9C6D2E23F0EF}.Release|x64.Build.0 = Release|Any CPU
		{F247866A-732D-4A85-B082-9C6D2E23F0EF}.Release|x86.ActiveCfg = Release|Any CPU
		{F247866A-732D-4A85-B082-9C6D2E23F0EF}.Release|x86.Build.0 = Release|Any CPU
		{18D8B452-E118-4ABB-AC61-604717FA1EF4}.Debug|Any CPU.ActiveCfg = Debug|Any CPU
		{18D8B452-E118-4ABB-AC61-604717FA1EF4}.Debug|Any CPU.Build.0 = Debug|Any CPU
		{18D8B452-E118-4ABB-AC61-604717FA1EF4}.Debug|x64.ActiveCfg = Debug|Any CPU
		{18D8B452-E118-4ABB-AC61-604717FA1EF4}.Debug|x64.Build.0 = Debug|Any CPU
		{18D8B452-E118-4ABB-AC61-604717FA1EF4}.Debug|x86.ActiveCfg = Debug|Any CPU
		{18D8B452-E118-4ABB-AC61-604717FA1EF4}.Debug|x86.Build.0 = Debug|Any CPU
		{18D8B452-E118-4ABB-AC61-604717FA1EF4}.Release|Any CPU.ActiveCfg = Release|Any CPU
		{18D8B452-E118-4ABB-AC61-604717FA1EF4}.Release|Any CPU.Build.0 = Release|Any CPU
		{18D8B452-E118-4ABB-AC61-604717FA1EF4}.Release|x64.ActiveCfg = Release|Any CPU
		{18D8B452-E118-4ABB-AC61-604717FA1EF4}.Release|x64.Build.0 = Release|Any CPU
		{18D8B452-E118-4ABB-AC61-604717FA1EF4}.Release|x86.ActiveCfg = Release|Any CPU
		{18D8B452-E118-4ABB-AC61-604717FA1EF4}.Release|x86.Build.0 = Release|Any CPU
		{FEBE381C-7835-40BC-8771-5CC2511D2931}.Debug|Any CPU.ActiveCfg = Debug|Any CPU
		{FEBE381C-7835-40BC-8771-5CC2511D2931}.Debug|Any CPU.Build.0 = Debug|Any CPU
		{FEBE381C-7835-40BC-8771-5CC2511D2931}.Debug|x64.ActiveCfg = Debug|Any CPU
		{FEBE381C-7835-40BC-8771-5CC2511D2931}.Debug|x64.Build.0 = Debug|Any CPU
		{FEBE381C-7835-40BC-8771-5CC2511D2931}.Debug|x86.ActiveCfg = Debug|Any CPU
		{FEBE381C-7835-40BC-8771-5CC2511D2931}.Debug|x86.Build.0 = Debug|Any CPU
		{FEBE381C-7835-40BC-8771-5CC2511D2931}.Release|Any CPU.ActiveCfg = Release|Any CPU
		{FEBE381C-7835-40BC-8771-5CC2511D2931}.Release|Any CPU.Build.0 = Release|Any CPU
		{FEBE381C-7835-40BC-8771-5CC2511D2931}.Release|x64.ActiveCfg = Release|Any CPU
		{FEBE381C-7835-40BC-8771-5CC2511D2931}.Release|x64.Build.0 = Release|Any CPU
		{FEBE381C-7835-40BC-8771-5CC2511D2931}.Release|x86.ActiveCfg = Release|Any CPU
		{FEBE381C-7835-40BC-8771-5CC2511D2931}.Release|x86.Build.0 = Release|Any CPU
		{B172E191-E590-4573-BBC0-DE2AB953A4E9}.Debug|Any CPU.ActiveCfg = Debug|Any CPU
		{B172E191-E590-4573-BBC0-DE2AB953A4E9}.Debug|Any CPU.Build.0 = Debug|Any CPU
		{B172E191-E590-4573-BBC0-DE2AB953A4E9}.Debug|x64.ActiveCfg = Debug|Any CPU
		{B172E191-E590-4573-BBC0-DE2AB953A4E9}.Debug|x64.Build.0 = Debug|Any CPU
		{B172E191-E590-4573-BBC0-DE2AB953A4E9}.Debug|x86.ActiveCfg = Debug|Any CPU
		{B172E191-E590-4573-BBC0-DE2AB953A4E9}.Debug|x86.Build.0 = Debug|Any CPU
		{B172E191-E590-4573-BBC0-DE2AB953A4E9}.Release|Any CPU.ActiveCfg = Release|Any CPU
		{B172E191-E590-4573-BBC0-DE2AB953A4E9}.Release|Any CPU.Build.0 = Release|Any CPU
		{B172E191-E590-4573-BBC0-DE2AB953A4E9}.Release|x64.ActiveCfg = Release|Any CPU
		{B172E191-E590-4573-BBC0-DE2AB953A4E9}.Release|x64.Build.0 = Release|Any CPU
		{B172E191-E590-4573-BBC0-DE2AB953A4E9}.Release|x86.ActiveCfg = Release|Any CPU
		{B172E191-E590-4573-BBC0-DE2AB953A4E9}.Release|x86.Build.0 = Release|Any CPU
		{4687C6A0-D02C-41D4-A3C9-910EF4AB99C8}.Debug|Any CPU.ActiveCfg = Debug|Any CPU
		{4687C6A0-D02C-41D4-A3C9-910EF4AB99C8}.Debug|Any CPU.Build.0 = Debug|Any CPU
		{4687C6A0-D02C-41D4-A3C9-910EF4AB99C8}.Debug|x64.ActiveCfg = Debug|Any CPU
		{4687C6A0-D02C-41D4-A3C9-910EF4AB99C8}.Debug|x64.Build.0 = Debug|Any CPU
		{4687C6A0-D02C-41D4-A3C9-910EF4AB99C8}.Debug|x86.ActiveCfg = Debug|Any CPU
		{4687C6A0-D02C-41D4-A3C9-910EF4AB99C8}.Debug|x86.Build.0 = Debug|Any CPU
		{4687C6A0-D02C-41D4-A3C9-910EF4AB99C8}.Release|Any CPU.ActiveCfg = Release|Any CPU
		{4687C6A0-D02C-41D4-A3C9-910EF4AB99C8}.Release|Any CPU.Build.0 = Release|Any CPU
		{4687C6A0-D02C-41D4-A3C9-910EF4AB99C8}.Release|x64.ActiveCfg = Release|Any CPU
		{4687C6A0-D02C-41D4-A3C9-910EF4AB99C8}.Release|x64.Build.0 = Release|Any CPU
		{4687C6A0-D02C-41D4-A3C9-910EF4AB99C8}.Release|x86.ActiveCfg = Release|Any CPU
		{4687C6A0-D02C-41D4-A3C9-910EF4AB99C8}.Release|x86.Build.0 = Release|Any CPU
	EndGlobalSection
	GlobalSection(SolutionProperties) = preSolution
		HideSolutionNode = FALSE
	EndGlobalSection
	GlobalSection(NestedProjects) = preSolution
		{03091193-0FCD-4C79-90B7-67F6DDB3344C} = {827E0CD3-B72D-47B6-A68D-7590B98EB39B}
		{72207C7D-9DE9-466E-91BF-A1CCF476EAC9} = {827E0CD3-B72D-47B6-A68D-7590B98EB39B}
		{CACF6121-1236-458F-91CB-21E56F444B91} = {0AB3BF05-4346-4AA6-1389-037BE0695223}
		{748106C7-3423-4933-B174-E7DC80161DA7} = {0AB3BF05-4346-4AA6-1389-037BE0695223}
		{BDBF2B52-E6D5-46A6-8875-E7DE9341D80B} = {0AB3BF05-4346-4AA6-1389-037BE0695223}
		{F247866A-732D-4A85-B082-9C6D2E23F0EF} = {0AB3BF05-4346-4AA6-1389-037BE0695223}
		{18D8B452-E118-4ABB-AC61-604717FA1EF4} = {827E0CD3-B72D-47B6-A68D-7590B98EB39B}
		{FEBE381C-7835-40BC-8771-5CC2511D2931} = {0AB3BF05-4346-4AA6-1389-037BE0695223}
		{B172E191-E590-4573-BBC0-DE2AB953A4E9} = {827E0CD3-B72D-47B6-A68D-7590B98EB39B}
		{4687C6A0-D02C-41D4-A3C9-910EF4AB99C8} = {0AB3BF05-4346-4AA6-1389-037BE0695223}
	EndGlobalSection
EndGlobal
